
Microsoft Visual Studio Solution File, Format Version 12.00
# Visual Studio 15
VisualStudioVersion = 15.0.28307.421
MinimumVisualStudioVersion = 10.0.40219.1
Project("{FAE04EC0-301F-11D3-BF4B-00C04F79EFBC}") = "RectangleApp", "Rectangle\RectangleApp.csproj", "{C32F82AE-A60A-4439-AE68-801897E872BF}"
EndProject
Project("{FAE04EC0-301F-11D3-BF4B-00C04F79EFBC}") = "RectangleApp.Test", "RectangleApp.Test\RectangleApp.Test.csproj", "{F55149F4-1B19-4735-A8FD-C08955D1BEC2}"
	ProjectSection(ProjectDependencies) = postProject
		{C32F82AE-A60A-4439-AE68-801897E872BF} = {C32F82AE-A60A-4439-AE68-801897E872BF}
	EndProjectSection
EndProject
Global
	GlobalSection(SolutionConfigurationPlatforms) = preSolution
		Debug|Any CPU = Debug|Any CPU
		Release|Any CPU = Release|Any CPU
	EndGlobalSection
	GlobalSection(ProjectConfigurationPlatforms) = postSolution
		{C32F82AE-A60A-4439-AE68-801897E872BF}.Debug|Any CPU.ActiveCfg = Debug|Any CPU
		{C32F82AE-A60A-4439-AE68-801897E872BF}.Debug|Any CPU.Build.0 = Debug|Any CPU
		{C32F82AE-A60A-4439-AE68-801897E872BF}.Release|Any CPU.ActiveCfg = Release|Any CPU
		{C32F82AE-A60A-4439-AE68-801897E872BF}.Release|Any CPU.Build.0 = Release|Any CPU
		{F55149F4-1B19-4735-A8FD-C08955D1BEC2}.Debug|Any CPU.ActiveCfg = Debug|Any CPU
		{F55149F4-1B19-4735-A8FD-C08955D1BEC2}.Debug|Any CPU.Build.0 = Debug|Any CPU
		{F55149F4-1B19-4735-A8FD-C08955D1BEC2}.Release|Any CPU.ActiveCfg = Release|Any CPU
		{F55149F4-1B19-4735-A8FD-C08955D1BEC2}.Release|Any CPU.Build.0 = Release|Any CPU
	EndGlobalSection
	GlobalSection(SolutionProperties) = preSolution
		HideSolutionNode = FALSE
	EndGlobalSection
	GlobalSection(ExtensibilityGlobals) = postSolution
		SolutionGuid = {D63F9EE6-AD49-4F27-8519-387FFE12799D}
	EndGlobalSection
EndGlobal
